{
  "version": 4,
  "terraform_version": "1.12.1",
  "serial": 65,
  "lineage": "79a12fb7-1be4-264d-c4fb-6563b63b3445",
  "outputs": {},
  "resources": [
    {
      "module": "module.kv",
      "mode": "data",
      "type": "azurerm_client_config",
      "name": "current",
      "provider": "provider[\"registry.terraform.io/hashicorp/azurerm\"]",
      "instances": [
        {
          "schema_version": 0,
          "attributes": {
            "client_id": "04b07795-8ddb-461a-bbee-02f9e1bf7b46",
            "id": "Y2xpZW50Q29uZmlncy9jbGllbnRJZD0wNGIwNzc5NS04ZGRiLTQ2MWEtYmJlZS0wMmY5ZTFiZjdiNDY7b2JqZWN0SWQ9YzI5MDlhZDUtMjRlYy00YjhiLWJmM2MtOGY5MDExYjM2NjJjO3N1YnNjcmlwdGlvbklkPTUyZGFlOGYxLTQ2OTItNDYxYy04MTEzLTFhMDBlNDQ5ZWYxMTt0ZW5hbnRJZD0wMTMzMDk5Zi0xYWVmLTQzZTUtYWZmNC05MjQxMWRhMzU5ZDA=",
            "object_id": "c2909ad5-24ec-4b8b-bf3c-8f9011b3662c",
            "subscription_id": "52dae8f1-4692-461c-8113-1a00e449ef11",
            "tenant_id": "0133099f-1aef-43e5-aff4-92411da359d0",
            "timeouts": null
          },
          "sensitive_attributes": [],
          "identity_schema_version": 0
        }
      ]
    },
    {
      "module": "module.kv",
      "mode": "managed",
      "type": "azurerm_key_vault",
      "name": "kv",
      "provider": "provider[\"registry.terraform.io/hashicorp/azurerm\"]",
      "instances": [
        {
          "index_key": "kv1",
          "schema_version": 2,
          "attributes": {
            "access_policy": [
              {
                "application_id": "",
                "certificate_permissions": [],
                "key_permissions": [],
                "object_id": "c2909ad5-24ec-4b8b-bf3c-8f9011b3662c",
                "secret_permissions": [
                  "Get",
                  "List",
                  "Set",
                  "Delete"
                ],
                "storage_permissions": [],
                "tenant_id": "0133099f-1aef-43e5-aff4-92411da359d0"
              }
            ],
            "contact": [],
            "enable_rbac_authorization": false,
            "enabled_for_deployment": false,
            "enabled_for_disk_encryption": false,
            "enabled_for_template_deployment": false,
            "id": "/subscriptions/52dae8f1-4692-461c-8113-1a00e449ef11/resourceGroups/rg-loukesh/providers/Microsoft.KeyVault/vaults/loukeshkeyvault1234",
            "location": "centralindia",
            "name": "loukeshkeyvault1234",
            "network_acls": [
              {
                "bypass": "AzureServices",
                "default_action": "Allow",
                "ip_rules": [],
                "virtual_network_subnet_ids": []
              }
            ],
            "public_network_access_enabled": true,
            "purge_protection_enabled": false,
            "resource_group_name": "rg-loukesh",
            "sku_name": "standard",
            "soft_delete_retention_days": 7,
            "tags": {},
            "tenant_id": "0133099f-1aef-43e5-aff4-92411da359d0",
            "timeouts": null,
            "vault_uri": "https://loukeshkeyvault1234.vault.azure.net/"
          },
          "sensitive_attributes": [],
          "identity_schema_version": 0,
          "private": "eyJlMmJmYjczMC1lY2FhLTExZTYtOGY4OC0zNDM2M2JjN2M0YzAiOnsiY3JlYXRlIjoxODAwMDAwMDAwMDAwLCJkZWxldGUiOjE4MDAwMDAwMDAwMDAsInJlYWQiOjMwMDAwMDAwMDAwMCwidXBkYXRlIjoxODAwMDAwMDAwMDAwfSwic2NoZW1hX3ZlcnNpb24iOiIyIn0=",
          "dependencies": [
            "module.kv.data.azurerm_client_config.current"
          ]
        }
      ]
    },
    {
      "module": "module.kv",
      "mode": "managed",
      "type": "azurerm_key_vault_secret",
      "name": "keyvault_secret",
      "provider": "provider[\"registry.terraform.io/hashicorp/azurerm\"]",
      "instances": [
        {
          "schema_version": 0,
          "attributes": {
            "content_type": "",
            "expiration_date": null,
            "id": "https://loukeshkeyvault1234.vault.azure.net/secrets/my-secret/b07fcbe2d0704be78c5768e43e45a21b",
            "key_vault_id": "/subscriptions/52dae8f1-4692-461c-8113-1a00e449ef11/resourceGroups/rg-loukesh/providers/Microsoft.KeyVault/vaults/loukeshkeyvault1234",
            "name": "my-secret",
            "not_before_date": null,
            "resource_id": "/subscriptions/52dae8f1-4692-461c-8113-1a00e449ef11/resourceGroups/rg-loukesh/providers/Microsoft.KeyVault/vaults/loukeshkeyvault1234/secrets/my-secret/versions/b07fcbe2d0704be78c5768e43e45a21b",
            "resource_versionless_id": "/subscriptions/52dae8f1-4692-461c-8113-1a00e449ef11/resourceGroups/rg-loukesh/providers/Microsoft.KeyVault/vaults/loukeshkeyvault1234/secrets/my-secret",
            "tags": {},
            "timeouts": null,
            "value": "TerraformIsCool123",
            "version": "b07fcbe2d0704be78c5768e43e45a21b",
            "versionless_id": "https://loukeshkeyvault1234.vault.azure.net/secrets/my-secret"
          },
          "sensitive_attributes": [
            [
              {
                "type": "get_attr",
                "value": "value"
              }
            ]
          ],
          "identity_schema_version": 0,
          "private": "eyJlMmJmYjczMC1lY2FhLTExZTYtOGY4OC0zNDM2M2JjN2M0YzAiOnsiY3JlYXRlIjoxODAwMDAwMDAwMDAwLCJkZWxldGUiOjE4MDAwMDAwMDAwMDAsInJlYWQiOjE4MDAwMDAwMDAwMDAsInVwZGF0ZSI6MTgwMDAwMDAwMDAwMH19",
          "dependencies": [
            "module.kv.azurerm_key_vault.kv",
            "module.kv.data.azurerm_client_config.current"
          ]
        }
      ]
    }
  ],
  "check_results": null
}
